
Microsoft Visual Studio Solution File, Format Version 12.00
# Visual Studio Version 17
VisualStudioVersion = 17.8.34309.116
MinimumVisualStudioVersion = 10.0.40219.1
Project("{FAE04EC0-301F-11D3-BF4B-00C04F79EFBC}") = "loginex", "loginex\loginex.csproj", "{B9674507-2621-4915-B2DE-1DC38D605098}"
EndProject
Global
	GlobalSection(SolutionConfigurationPlatforms) = preSolution
		Debug|Any CPU = Debug|Any CPU
		Release|Any CPU = Release|Any CPU
	EndGlobalSection
	GlobalSection(ProjectConfigurationPlatforms) = postSolution
		{B9674507-2621-4915-B2DE-1DC38D605098}.Debug|Any CPU.ActiveCfg = Debug|Any CPU
		{B9674507-2621-4915-B2DE-1DC38D605098}.Debug|Any CPU.Build.0 = Debug|Any CPU
		{B9674507-2621-4915-B2DE-1DC38D605098}.Release|Any CPU.ActiveCfg = Release|Any CPU
		{B9674507-2621-4915-B2DE-1DC38D605098}.Release|Any CPU.Build.0 = Release|Any CPU
	EndGlobalSection
	GlobalSection(SolutionProperties) = preSolution
		HideSolutionNode = FALSE
	EndGlobalSection
	GlobalSection(ExtensibilityGlobals) = postSolution
		SolutionGuid = {78DF1F31-27D7-4815-9BF9-243F5414DB36}
	EndGlobalSection
EndGlobal
